
Microsoft Visual Studio Solution File, Format Version 12.00
# Visual Studio Version 16
VisualStudioVersion = 16.0.31605.320
MinimumVisualStudioVersion = 10.0.40219.1
Project("{FAE04EC0-301F-11D3-BF4B-00C04F79EFBC}") = "WinFormsApp1", "WinFormsApp1\WinFormsApp1.csproj", "{93BB3ABA-D748-42BC-AC5D-A73E9EDBC66F}"
EndProject
Global
	GlobalSection(SolutionConfigurationPlatforms) = preSolution
		Debug|Any CPU = Debug|Any CPU
		Release|Any CPU = Release|Any CPU
	EndGlobalSection
	GlobalSection(ProjectConfigurationPlatforms) = postSolution
		{93BB3ABA-D748-42BC-AC5D-A73E9EDBC66F}.Debug|Any CPU.ActiveCfg = Debug|Any CPU
		{93BB3ABA-D748-42BC-AC5D-A73E9EDBC66F}.Debug|Any CPU.Build.0 = Debug|Any CPU
		{93BB3ABA-D748-42BC-AC5D-A73E9EDBC66F}.Release|Any CPU.ActiveCfg = Release|Any CPU
		{93BB3ABA-D748-42BC-AC5D-A73E9EDBC66F}.Release|Any CPU.Build.0 = Release|Any CPU
	EndGlobalSection
	GlobalSection(SolutionProperties) = preSolution
		HideSolutionNode = FALSE
	EndGlobalSection
	GlobalSection(ExtensibilityGlobals) = postSolution
		SolutionGuid = {74FA7024-2B53-43A8-8AF5-01AFAA13DC2C}
	EndGlobalSection
EndGlobal
